
Microsoft Visual Studio Solution File, Format Version 12.00
# Visual Studio 15
VisualStudioVersion = 15.0.27130.2024
MinimumVisualStudioVersion = 10.0.40219.1
Project("{FAE04EC0-301F-11D3-BF4B-00C04F79EFBC}") = "TalkyTina", "TalkyTina\TalkyTina.csproj", "{04E01B7D-427B-4C24-9DFA-C40B726FEA80}"
EndProject
Global
	GlobalSection(SolutionConfigurationPlatforms) = preSolution
		Debug|Any CPU = Debug|Any CPU
		Release|Any CPU = Release|Any CPU
	EndGlobalSection
	GlobalSection(ProjectConfigurationPlatforms) = postSolution
		{04E01B7D-427B-4C24-9DFA-C40B726FEA80}.Debug|Any CPU.ActiveCfg = Debug|Any CPU
		{04E01B7D-427B-4C24-9DFA-C40B726FEA80}.Debug|Any CPU.Build.0 = Debug|Any CPU
		{04E01B7D-427B-4C24-9DFA-C40B726FEA80}.Release|Any CPU.ActiveCfg = Release|Any CPU
		{04E01B7D-427B-4C24-9DFA-C40B726FEA80}.Release|Any CPU.Build.0 = Release|Any CPU
	EndGlobalSection
	GlobalSection(SolutionProperties) = preSolution
		HideSolutionNode = FALSE
	EndGlobalSection
	GlobalSection(ExtensibilityGlobals) = postSolution
		SolutionGuid = {6700A5BA-5B4A-424B-AA4A-C840C98EDFA9}
	EndGlobalSection
EndGlobal
